// !$*UTF8*$!
{
	archiveVersion = 1;
	classes = {
	};
	objectVersion = 50;
	objects = {

/* Begin PBXBuildFile section */
		B8E006CF2329984B00AD9C07 /* AppDelegate.m in Sources */ = {isa = PBXBuildFile; fileRef = B8E006CE2329984B00AD9C07 /* AppDelegate.m */; };
		B8E006D22329984B00AD9C07 /* ViewController.m in Sources */ = {isa = PBXBuildFile; fileRef = B8E006D12329984B00AD9C07 /* ViewController.m */; };
		B8E006D52329984B00AD9C07 /* Main.storyboard in Resources */ = {isa = PBXBuildFile; fileRef = B8E006D32329984B00AD9C07 /* Main.storyboard */; };
		B8E006D72329984C00AD9C07 /* Assets.xcassets in Resources */ = {isa = PBXBuildFile; fileRef = B8E006D62329984C00AD9C07 /* Assets.xcassets */; };
		B8E006DA2329984C00AD9C07 /* LaunchScreen.storyboard in Resources */ = {isa = PBXBuildFile; fileRef = B8E006D82329984C00AD9C07 /* LaunchScreen.storyboard */; };
		B8E006DD2329984C00AD9C07 /* main.m in Sources */ = {isa = PBXBuildFile; fileRef = B8E006DC2329984C00AD9C07 /* main.m */; };
		B8E006E72329984C00AD9C07 /* NavTests.m in Sources */ = {isa = PBXBuildFile; fileRef = B8E006E62329984C00AD9C07 /* NavTests.m */; };
		B8E006F22329984C00AD9C07 /* NavUITests.m in Sources */ = {isa = PBXBuildFile; fileRef = B8E006F12329984C00AD9C07 /* NavUITests.m */; };
		B8E0070C232C46A300AD9C07 /* BookData.m in Sources */ = {isa = PBXBuildFile; fileRef = B8E0070B232C46A300AD9C07 /* BookData.m */; };
/* End PBXBuildFile section */

/* Begin PBXContainerItemProxy section */
		B8E006E32329984C00AD9C07 /* PBXContainerItemProxy */ = {
			isa = PBXContainerItemProxy;
			containerPortal = B8E006C22329984B00AD9C07 /* Project object */;
			proxyType = 1;
			remoteGlobalIDString = B8E006C92329984B00AD9C07;
			remoteInfo = Nav;
		};
		B8E006EE2329984C00AD9C07 /* PBXContainerItemProxy */ = {
			isa = PBXContainerItemProxy;
			containerPortal = B8E006C22329984B00AD9C07 /* Project object */;
			proxyType = 1;
			remoteGlobalIDString = B8E006C92329984B00AD9C07;
			remoteInfo = Nav;
		};
/* End PBXContainerItemProxy section */

/* Begin PBXFileReference section */
		B8E006CA2329984B00AD9C07 /* Nav.app */ = {isa = PBXFileReference; explicitFileType = wrapper.application; includeInIndex = 0; path = Nav.app; sourceTree = BUILT_PRODUCTS_DIR; };
		B8E006CD2329984B00AD9C07 /* AppDelegate.h */ = {isa = PBXFileReference; lastKnownFileType = sourcecode.c.h; path = AppDelegate.h; sourceTree = "<group>"; };
		B8E006CE2329984B00AD9C07 /* AppDelegate.m */ = {isa = PBXFileReference; lastKnownFileType = sourcecode.c.objc; path = AppDelegate.m; sourceTree = "<group>"; };
		B8E006D02329984B00AD9C07 /* ViewController.h */ = {isa = PBXFileReference; lastKnownFileType = sourcecode.c.h; path = ViewController.h; sourceTree = "<group>"; };
		B8E006D12329984B00AD9C07 /* ViewController.m */ = {isa = PBXFileReference; lastKnownFileType = sourcecode.c.objc; path = ViewController.m; sourceTree = "<group>"; };
		B8E006D42329984B00AD9C07 /* Base */ = {isa = PBXFileReference; lastKnownFileType = file.storyboard; name = Base; path = Base.lproj/Main.storyboard; sourceTree = "<group>"; };
		B8E006D62329984C00AD9C07 /* Assets.xcassets */ = {isa = PBXFileReference; lastKnownFileType = folder.assetcatalog; path = Assets.xcassets; sourceTree = "<group>"; };
		B8E006D92329984C00AD9C07 /* Base */ = {isa = PBXFileReference; lastKnownFileType = file.storyboard; name = Base; path = Base.lproj/LaunchScreen.storyboard; sourceTree = "<group>"; };
		B8E006DB2329984C00AD9C07 /* Info.plist */ = {isa = PBXFileReference; lastKnownFileType = text.plist.xml; path = Info.plist; sourceTree = "<group>"; };
		B8E006DC2329984C00AD9C07 /* main.m */ = {isa = PBXFileReference; lastKnownFileType = sourcecode.c.objc; path = main.m; sourceTree = "<group>"; };
		B8E006E22329984C00AD9C07 /* NavTests.xctest */ = {isa = PBXFileReference; explicitFileType = wrapper.cfbundle; includeInIndex = 0; path = NavTests.xctest; sourceTree = BUILT_PRODUCTS_DIR; };
		B8E006E62329984C00AD9C07 /* NavTests.m */ = {isa = PBXFileReference; lastKnownFileType = sourcecode.c.objc; path = NavTests.m; sourceTree = "<group>"; };
		B8E006E82329984C00AD9C07 /* Info.plist */ = {isa = PBXFileReference; lastKnownFileType = text.plist.xml; path = Info.plist; sourceTree = "<group>"; };
		B8E006ED2329984C00AD9C07 /* NavUITests.xctest */ = {isa = PBXFileReference; explicitFileType = wrapper.cfbundle; includeInIndex = 0; path = NavUITests.xctest; sourceTree = BUILT_PRODUCTS_DIR; };
		B8E006F12329984C00AD9C07 /* NavUITests.m */ = {isa = PBXFileReference; lastKnownFileType = sourcecode.c.objc; path = NavUITests.m; sourceTree = "<group>"; };
		B8E006F32329984C00AD9C07 /* Info.plist */ = {isa = PBXFileReference; lastKnownFileType = text.plist.xml; path = Info.plist; sourceTree = "<group>"; };
		B8E0070A232C46A300AD9C07 /* BookData.h */ = {isa = PBXFileReference; lastKnownFileType = sourcecode.c.h; path = BookData.h; sourceTree = "<group>"; };
		B8E0070B232C46A300AD9C07 /* BookData.m */ = {isa = PBXFileReference; lastKnownFileType = sourcecode.c.objc; path = BookData.m; sourceTree = "<group>"; };
/* End PBXFileReference section */

/* Begin PBXFrameworksBuildPhase section */
		B8E006C72329984B00AD9C07 /* Frameworks */ = {
			isa = PBXFrameworksBuildPhase;
			buildActionMask = 2147483647;
			files = (
			);
			runOnlyForDeploymentPostprocessing = 0;
		};
		B8E006DF2329984C00AD9C07 /* Frameworks */ = {
			isa = PBXFrameworksBuildPhase;
			buildActionMask = 2147483647;
			files = (
			);
			runOnlyForDeploymentPostprocessing = 0;
		};
		B8E006EA2329984C00AD9C07 /* Frameworks */ = {
			isa = PBXFrameworksBuildPhase;
			buildActionMask = 2147483647;
			files = (
			);
			runOnlyForDeploymentPostprocessing = 0;
		};
/* End PBXFrameworksBuildPhase section */

/* Begin PBXGroup section */
		B8E006C12329984B00AD9C07 = {
			isa = PBXGroup;
			children = (
				B8E006CC2329984B00AD9C07 /* Nav */,
				B8E006E52329984C00AD9C07 /* NavTests */,
				B8E006F02329984C00AD9C07 /* NavUITests */,
				B8E006CB2329984B00AD9C07 /* Products */,
			);
			sourceTree = "<group>";
		};
		B8E006CB2329984B00AD9C07 /* Products */ = {
			isa = PBXGroup;
			children = (
				B8E006CA2329984B00AD9C07 /* Nav.app */,
				B8E006E22329984C00AD9C07 /* NavTests.xctest */,
				B8E006ED2329984C00AD9C07 /* NavUITests.xctest */,
			);
			name = Products;
			sourceTree = "<group>";
		};
		B8E006CC2329984B00AD9C07 /* Nav */ = {
			isa = PBXGroup;
			children = (
				B8E006CD2329984B00AD9C07 /* AppDelegate.h */,
				B8E006CE2329984B00AD9C07 /* AppDelegate.m */,
				B8E006D02329984B00AD9C07 /* ViewController.h */,
				B8E006D12329984B00AD9C07 /* ViewController.m */,
				B8E006D32329984B00AD9C07 /* Main.storyboard */,
				B8E0070A232C46A300AD9C07 /* BookData.h */,
				B8E0070B232C46A300AD9C07 /* BookData.m */,
				B8E006D62329984C00AD9C07 /* Assets.xcassets */,
				B8E006D82329984C00AD9C07 /* LaunchScreen.storyboard */,
				B8E006DB2329984C00AD9C07 /* Info.plist */,
				B8E006DC2329984C00AD9C07 /* main.m */,
			);
			path = Nav;
			sourceTree = "<group>";
		};
		B8E006E52329984C00AD9C07 /* NavTests */ = {
			isa = PBXGroup;
			children = (
				B8E006E62329984C00AD9C07 /* NavTests.m */,
				B8E006E82329984C00AD9C07 /* Info.plist */,
			);
			path = NavTests;
			sourceTree = "<group>";
		};
		B8E006F02329984C00AD9C07 /* NavUITests */ = {
			isa = PBXGroup;
			children = (
				B8E006F12329984C00AD9C07 /* NavUITests.m */,
				B8E006F32329984C00AD9C07 /* Info.plist */,
			);
			path = NavUITests;
			sourceTree = "<group>";
		};
/* End PBXGroup section */

/* Begin PBXNativeTarget section */
		B8E006C92329984B00AD9C07 /* Nav */ = {
			isa = PBXNativeTarget;
			buildConfigurationList = B8E006F62329984C00AD9C07 /* Build configuration list for PBXNativeTarget "Nav" */;
			buildPhases = (
				B8E006C62329984B00AD9C07 /* Sources */,
				B8E006C72329984B00AD9C07 /* Frameworks */,
				B8E006C82329984B00AD9C07 /* Resources */,
			);
			buildRules = (
			);
			dependencies = (
			);
			name = Nav;
			productName = Nav;
			productReference = B8E006CA2329984B00AD9C07 /* Nav.app */;
			productType = "com.apple.product-type.application";
		};
		B8E006E12329984C00AD9C07 /* NavTests */ = {
			isa = PBXNativeTarget;
			buildConfigurationList = B8E006F92329984C00AD9C07 /* Build configuration list for PBXNativeTarget "NavTests" */;
			buildPhases = (
				B8E006DE2329984C00AD9C07 /* Sources */,
				B8E006DF2329984C00AD9C07 /* Frameworks */,
				B8E006E02329984C00AD9C07 /* Resources */,
			);
			buildRules = (
			);
			dependencies = (
				B8E006E42329984C00AD9C07 /* PBXTargetDependency */,
			);
			name = NavTests;
			productName = NavTests;
			productReference = B8E006E22329984C00AD9C07 /* NavTests.xctest */;
			productType = "com.apple.product-type.bundle.unit-test";
		};
		B8E006EC2329984C00AD9C07 /* NavUITests */ = {
			isa = PBXNativeTarget;
			buildConfigurationList = B8E006FC2329984C00AD9C07 /* Build configuration list for PBXNativeTarget "NavUITests" */;
			buildPhases = (
				B8E006E92329984C00AD9C07 /* Sources */,
				B8E006EA2329984C00AD9C07 /* Frameworks */,
				B8E006EB2329984C00AD9C07 /* Resources */,
			);
			buildRules = (
			);
			dependencies = (
				B8E006EF2329984C00AD9C07 /* PBXTargetDependency */,
			);
			name = NavUITests;
			productName = NavUITests;
			productReference = B8E006ED2329984C00AD9C07 /* NavUITests.xctest */;
			productType = "com.apple.product-type.bundle.ui-testing";
		};
/* End PBXNativeTarget section */

/* Begin PBXProject section */
		B8E006C22329984B00AD9C07 /* Project object */ = {
			isa = PBXProject;
			attributes = {
				LastUpgradeCheck = 1030;
				ORGANIZATIONNAME = "Poudel, Novel";
				TargetAttributes = {
					B8E006C92329984B00AD9C07 = {
						CreatedOnToolsVersion = 10.3;
					};
					B8E006E12329984C00AD9C07 = {
						CreatedOnToolsVersion = 10.3;
						TestTargetID = B8E006C92329984B00AD9C07;
					};
					B8E006EC2329984C00AD9C07 = {
						CreatedOnToolsVersion = 10.3;
						TestTargetID = B8E006C92329984B00AD9C07;
					};
				};
			};
			buildConfigurationList = B8E006C52329984B00AD9C07 /* Build configuration list for PBXProject "Nav" */;
			compatibilityVersion = "Xcode 9.3";
			developmentRegion = en;
			hasScannedForEncodings = 0;
			knownRegions = (
				en,
				Base,
			);
			mainGroup = B8E006C12329984B00AD9C07;
			productRefGroup = B8E006CB2329984B00AD9C07 /* Products */;
			projectDirPath = "";
			projectRoot = "";
			targets = (
				B8E006C92329984B00AD9C07 /* Nav */,
				B8E006E12329984C00AD9C07 /* NavTests */,
				B8E006EC2329984C00AD9C07 /* NavUITests */,
			);
		};
/* End PBXProject section */

/* Begin PBXResourcesBuildPhase section */
		B8E006C82329984B00AD9C07 /* Resources */ = {
			isa = PBXResourcesBuildPhase;
			buildActionMask = 2147483647;
			files = (
				B8E006DA2329984C00AD9C07 /* LaunchScreen.storyboard in Resources */,
				B8E006D72329984C00AD9C07 /* Assets.xcassets in Resources */,
				B8E006D52329984B00AD9C07 /* Main.storyboard in Resources */,
			);
			runOnlyForDeploymentPostprocessing = 0;
		};
		B8E006E02329984C00AD9C07 /* Resources */ = {
			isa = PBXResourcesBuildPhase;
			buildActionMask = 2147483647;
			files = (
			);
			runOnlyForDeploymentPostprocessing = 0;
		};
		B8E006EB2329984C00AD9C07 /* Resources */ = {
			isa = PBXResourcesBuildPhase;
			buildActionMask = 2147483647;
			files = (
			);
			runOnlyForDeploymentPostprocessing = 0;
		};
/* End PBXResourcesBuildPhase section */

/* Begin PBXSourcesBuildPhase section */
		B8E006C62329984B00AD9C07 /* Sources */ = {
			isa = PBXSourcesBuildPhase;
			buildActionMask = 2147483647;
			files = (
				B8E006D22329984B00AD9C07 /* ViewController.m in Sources */,
				B8E006DD2329984C00AD9C07 /* main.m in Sources */,
				B8E0070C232C46A300AD9C07 /* BookData.m in Sources */,
				B8E006CF2329984B00AD9C07 /* AppDelegate.m in Sources */,
			);
			runOnlyForDeploymentPostprocessing = 0;
		};
		B8E006DE2329984C00AD9C07 /* Sources */ = {
			isa = PBXSourcesBuildPhase;
			buildActionMask = 2147483647;
			files = (
				B8E006E72329984C00AD9C07 /* NavTests.m in Sources */,
			);
			runOnlyForDeploymentPostprocessing = 0;
		};
		B8E006E92329984C00AD9C07 /* Sources */ = {
			isa = PBXSourcesBuildPhase;
			buildActionMask = 2147483647;
			files = (
				B8E006F22329984C00AD9C07 /* NavUITests.m in Sources */,
			);
			runOnlyForDeploymentPostprocessing = 0;
		};
/* End PBXSourcesBuildPhase section */

/* Begin PBXTargetDependency section */
		B8E006E42329984C00AD9C07 /* PBXTargetDependency */ = {
			isa = PBXTargetDependency;
			target = B8E006C92329984B00AD9C07 /* Nav */;
			targetProxy = B8E006E32329984C00AD9C07 /* PBXContainerItemProxy */;
		};
		B8E006EF2329984C00AD9C07 /* PBXTargetDependency */ = {
			isa = PBXTargetDependency;
			target = B8E006C92329984B00AD9C07 /* Nav */;
			targetProxy = B8E006EE2329984C00AD9C07 /* PBXContainerItemProxy */;
		};
/* End PBXTargetDependency section */

/* Begin PBXVariantGroup section */
		B8E006D32329984B00AD9C07 /* Main.storyboard */ = {
			isa = PBXVariantGroup;
			children = (
				B8E006D42329984B00AD9C07 /* Base */,
			);
			name = Main.storyboard;
			sourceTree = "<group>";
		};
		B8E006D82329984C00AD9C07 /* LaunchScreen.storyboard */ = {
			isa = PBXVariantGroup;
			children = (
				B8E006D92329984C00AD9C07 /* Base */,
			);
			name = LaunchScreen.storyboard;
			sourceTree = "<group>";
		};
/* End PBXVariantGroup section */

/* Begin XCBuildConfiguration section */
		B8E006F42329984C00AD9C07 /* Debug */ = {
			isa = XCBuildConfiguration;
			buildSettings = {
				ALWAYS_SEARCH_USER_PATHS = NO;
				CLANG_ANALYZER_NONNULL = YES;
				CLANG_ANALYZER_NUMBER_OBJECT_CONVERSION = YES_AGGRESSIVE;
				CLANG_CXX_LANGUAGE_STANDARD = "gnu++14";
				CLANG_CXX_LIBRARY = "libc++";
				CLANG_ENABLE_MODULES = YES;
				CLANG_ENABLE_OBJC_ARC = YES;
				CLANG_ENABLE_OBJC_WEAK = YES;
				CLANG_WARN_BLOCK_CAPTURE_AUTORELEASING = YES;
				CLANG_WARN_BOOL_CONVERSION = YES;
				CLANG_WARN_COMMA = YES;
				CLANG_WARN_CONSTANT_CONVERSION = YES;
				CLANG_WARN_DEPRECATED_OBJC_IMPLEMENTATIONS = YES;
				CLANG_WARN_DIRECT_OBJC_ISA_USAGE = YES_ERROR;
				CLANG_WARN_DOCUMENTATION_COMMENTS = YES;
				CLANG_WARN_EMPTY_BODY = YES;
				CLANG_WARN_ENUM_CONVERSION = YES;
				CLANG_WARN_INFINITE_RECURSION = YES;
				CLANG_WARN_INT_CONVERSION = YES;
				CLANG_WARN_NON_LITERAL_NULL_CONVERSION = YES;
				CLANG_WARN_OBJC_IMPLICIT_RETAIN_SELF = YES;
				CLANG_WARN_OBJC_LITERAL_CONVERSION = YES;
				CLANG_WARN_OBJC_ROOT_CLASS = YES_ERROR;
				CLANG_WARN_RANGE_LOOP_ANALYSIS = YES;
				CLANG_WARN_STRICT_PROTOTYPES = YES;
				CLANG_WARN_SUSPICIOUS_MOVE = YES;
				CLANG_WARN_UNGUARDED_AVAILABILITY = YES_AGGRESSIVE;
				CLANG_WARN_UNREACHABLE_CODE = YES;
				CLANG_WARN__DUPLICATE_METHOD_MATCH = YES;
				CODE_SIGN_IDENTITY = "iPhone Developer";
				COPY_PHASE_STRIP = NO;
				DEBUG_INFORMATION_FORMAT = dwarf;
				ENABLE_STRICT_OBJC_MSGSEND = YES;
				ENABLE_TESTABILITY = YES;
				GCC_C_LANGUAGE_STANDARD = gnu11;
				GCC_DYNAMIC_NO_PIC = NO;
				GCC_NO_COMMON_BLOCKS = YES;
				GCC_OPTIMIZATION_LEVEL = 0;
				GCC_PREPROCESSOR_DEFINITIONS = (
					"DEBUG=1",
					"$(inherited)",
				);
				GCC_WARN_64_TO_32_BIT_CONVERSION = YES;
				GCC_WARN_ABOUT_RETURN_TYPE = YES_ERROR;
				GCC_WARN_UNDECLARED_SELECTOR = YES;
				GCC_WARN_UNINITIALIZED_AUTOS = YES_AGGRESSIVE;
				GCC_WARN_UNUSED_FUNCTION = YES;
				GCC_WARN_UNUSED_VARIABLE = YES;
				IPHONEOS_DEPLOYMENT_TARGET = 12.4;
				MTL_ENABLE_DEBUG_INFO = INCLUDE_SOURCE;
				MTL_FAST_MATH = YES;
				ONLY_ACTIVE_ARCH = YES;
				SDKROOT = iphoneos;
			};
			name = Debug;
		};
		B8E006F52329984C00AD9C07 /* Release */ = {
			isa = XCBuildConfiguration;
			buildSettings = {
				ALWAYS_SEARCH_USER_PATHS = NO;
				CLANG_ANALYZER_NONNULL = YES;
				CLANG_ANALYZER_NUMBER_OBJECT_CONVERSION = YES_AGGRESSIVE;
				CLANG_CXX_LANGUAGE_STANDARD = "gnu++14";
				CLANG_CXX_LIBRARY = "libc++";
				CLANG_ENABLE_MODULES = YES;
				CLANG_ENABLE_OBJC_ARC = YES;
				CLANG_ENABLE_OBJC_WEAK = YES;
				CLANG_WARN_BLOCK_CAPTURE_AUTORELEASING = YES;
				CLANG_WARN_BOOL_CONVERSION = YES;
				CLANG_WARN_COMMA = YES;
				CLANG_WARN_CONSTANT_CONVERSION = YES;
				CLANG_WARN_DEPRECATED_OBJC_IMPLEMENTATIONS = YES;
				CLANG_WARN_DIRECT_OBJC_ISA_USAGE = YES_ERROR;
				CLANG_WARN_DOCUMENTATION_COMMENTS = YES;
				CLANG_WARN_EMPTY_BODY = YES;
				CLANG_WARN_ENUM_CONVERSION = YES;
				CLANG_WARN_INFINITE_RECURSION = YES;
				CLANG_WARN_INT_CONVERSION = YES;
				CLANG_WARN_NON_LITERAL_NULL_CONVERSION = YES;
				CLANG_WARN_OBJC_IMPLICIT_RETAIN_SELF = YES;
				CLANG_WARN_OBJC_LITERAL_CONVERSION = YES;
				CLANG_WARN_OBJC_ROOT_CLASS = YES_ERROR;
				CLANG_WARN_RANGE_LOOP_ANALYSIS = YES;
				CLANG_WARN_STRICT_PROTOTYPES = YES;
				CLANG_WARN_SUSPICIOUS_MOVE = YES;
				CLANG_WARN_UNGUARDED_AVAILABILITY = YES_AGGRESSIVE;
				CLANG_WARN_UNREACHABLE_CODE = YES;
				CLANG_WARN__DUPLICATE_METHOD_MATCH = YES;
				CODE_SIGN_IDENTITY = "iPhone Developer";
				COPY_PHASE_STRIP = NO;
				DEBUG_INFORMATION_FORMAT = "dwarf-with-dsym";
				ENABLE_NS_ASSERTIONS = NO;
				ENABLE_STRICT_OBJC_MSGSEND = YES;
				GCC_C_LANGUAGE_STANDARD = gnu11;
				GCC_NO_COMMON_BLOCKS = YES;
				GCC_WARN_64_TO_32_BIT_CONVERSION = YES;
				GCC_WARN_ABOUT_RETURN_TYPE = YES_ERROR;
				GCC_WARN_UNDECLARED_SELECTOR = YES;
				GCC_WARN_UNINITIALIZED_AUTOS = YES_AGGRESSIVE;
				GCC_WARN_UNUSED_FUNCTION = YES;
				GCC_WARN_UNUSED_VARIABLE = YES;
				IPHONEOS_DEPLOYMENT_TARGET = 12.4;
				MTL_ENABLE_DEBUG_INFO = NO;
				MTL_FAST_MATH = YES;
				SDKROOT = iphoneos;
				VALIDATE_PRODUCT = YES;
			};
			name = Release;
		};
		B8E006F72329984C00AD9C07 /* Debug */ = {
			isa = XCBuildConfiguration;
			buildSettings = {
				ASSETCATALOG_COMPILER_APPICON_NAME = AppIcon;
				CODE_SIGN_STYLE = Automatic;
				INFOPLIST_FILE = Nav/Info.plist;
				LD_RUNPATH_SEARCH_PATHS = (
					"$(inherited)",
					"@executable_path/Frameworks",
				);
				PRODUCT_BUNDLE_IDENTIFIER = Practice.Nav;
				PRODUCT_NAME = "$(TARGET_NAME)";
				TARGETED_DEVICE_FAMILY = "1,2";
			};
			name = Debug;
		};
		B8E006F82329984C00AD9C07 /* Release */ = {
			isa = XCBuildConfiguration;
			buildSettings = {
				ASSETCATALOG_COMPILER_APPICON_NAME = AppIcon;
				CODE_SIGN_STYLE = Automatic;
				INFOPLIST_FILE = Nav/Info.plist;
				LD_RUNPATH_SEARCH_PATHS = (
					"$(inherited)",
					"@executable_path/Frameworks",
				);
				PRODUCT_BUNDLE_IDENTIFIER = Practice.Nav;
				PRODUCT_NAME = "$(TARGET_NAME)";
				TARGETED_DEVICE_FAMILY = "1,2";
			};
			name = Release;
		};
		B8E006FA2329984C00AD9C07 /* Debug */ = {
			isa = XCBuildConfiguration;
			buildSettings = {
				BUNDLE_LOADER = "$(TEST_HOST)";
				CODE_SIGN_STYLE = Automatic;
				INFOPLIST_FILE = NavTests/Info.plist;
				LD_RUNPATH_SEARCH_PATHS = (
					"$(inherited)",
					"@executable_path/Frameworks",
					"@loader_path/Frameworks",
				);
				PRODUCT_BUNDLE_IDENTIFIER = Practice.NavTests;
				PRODUCT_NAME = "$(TARGET_NAME)";
				TARGETED_DEVICE_FAMILY = "1,2";
				TEST_HOST = "$(BUILT_PRODUCTS_DIR)/Nav.app/Nav";
			};
			name = Debug;
		};
		B8E006FB2329984C00AD9C07 /* Release */ = {
			isa = XCBuildConfiguration;
			buildSettings = {
				BUNDLE_LOADER = "$(TEST_HOST)";
				CODE_SIGN_STYLE = Automatic;
				INFOPLIST_FILE = NavTests/Info.plist;
				LD_RUNPATH_SEARCH_PATHS = (
					"$(inherited)",
					"@executable_path/Frameworks",
					"@loader_path/Frameworks",
				);
				PRODUCT_BUNDLE_IDENTIFIER = Practice.NavTests;
				PRODUCT_NAME = "$(TARGET_NAME)";
				TARGETED_DEVICE_FAMILY = "1,2";
				TEST_HOST = "$(BUILT_PRODUCTS_DIR)/Nav.app/Nav";
			};
			name = Release;
		};
		B8E006FD2329984C00AD9C07 /* Debug */ = {
			isa = XCBuildConfiguration;
			buildSettings = {
				CODE_SIGN_STYLE = Automatic;
				INFOPLIST_FILE = NavUITests/Info.plist;
				LD_RUNPATH_SEARCH_PATHS = (
					"$(inherited)",
					"@executable_path/Frameworks",
					"@loader_path/Frameworks",
				);
				PRODUCT_BUNDLE_IDENTIFIER = Practice.NavUITests;
				PRODUCT_NAME = "$(TARGET_NAME)";
				TARGETED_DEVICE_FAMILY = "1,2";
				TEST_TARGET_NAME = Nav;
			};
			name = Debug;
		};
		B8E006FE2329984C00AD9C07 /* Release */ = {
			isa = XCBuildConfiguration;
			buildSettings = {
				CODE_SIGN_STYLE = Automatic;
				INFOPLIST_FILE = NavUITests/Info.plist;
				LD_RUNPATH_SEARCH_PATHS = (
					"$(inherited)",
					"@executable_path/Frameworks",
					"@loader_path/Frameworks",
				);
				PRODUCT_BUNDLE_IDENTIFIER = Practice.NavUITests;
				PRODUCT_NAME = "$(TARGET_NAME)";
				TARGETED_DEVICE_FAMILY = "1,2";
				TEST_TARGET_NAME = Nav;
			};
			name = Release;
		};
/* End XCBuildConfiguration section */

/* Begin XCConfigurationList section */
		B8E006C52329984B00AD9C07 /* Build configuration list for PBXProject "Nav" */ = {
			isa = XCConfigurationList;
			buildConfigurations = (
				B8E006F42329984C00AD9C07 /* Debug */,
				B8E006F52329984C00AD9C07 /* Release */,
			);
			defaultConfigurationIsVisible = 0;
			defaultConfigurationName = Release;
		};
		B8E006F62329984C00AD9C07 /* Build configuration list for PBXNativeTarget "Nav" */ = {
			isa = XCConfigurationList;
			buildConfigurations = (
				B8E006F72329984C00AD9C07 /* Debug */,
				B8E006F82329984C00AD9C07 /* Release */,
			);
			defaultConfigurationIsVisible = 0;
			defaultConfigurationName = Release;
		};
		B8E006F92329984C00AD9C07 /* Build configuration list for PBXNativeTarget "NavTests" */ = {
			isa = XCConfigurationList;
			buildConfigurations = (
				B8E006FA2329984C00AD9C07 /* Debug */,
				B8E006FB2329984C00AD9C07 /* Release */,
			);
			defaultConfigurationIsVisible = 0;
			defaultConfigurationName = Release;
		};
		B8E006FC2329984C00AD9C07 /* Build configuration list for PBXNativeTarget "NavUITests" */ = {
			isa = XCConfigurationList;
			buildConfigurations = (
				B8E006FD2329984C00AD9C07 /* Debug */,
				B8E006FE2329984C00AD9C07 /* Release */,
			);
			defaultConfigurationIsVisible = 0;
			defaultConfigurationName = Release;
		};
/* End XCConfigurationList section */
	};
	rootObject = B8E006C22329984B00AD9C07 /* Project object */;
}
